{
    "name": "test",
    "version": "1.0.0",
    "lockfileVersion": 1,
    "requires": true,
    "dependencies": {
        "@openui5/sap.m": {
            "version": "1.68.1",
            "resolved": "https://registry.npmjs.org/@openui5/sap.m/-/sap.m-1.68.1.tgz",
            "integrity": "sha512-6SO8rwPWUA1Nv2SBNvWok/3jN5kGLae/LQ8z1el0697XYtJ99x/mjP04fs4NQ6ZnUpQLbxNA6I/U0fUXHV11Vg==",
            "requires": {
                "@openui5/sap.ui.core": "1.68.1",
                "@openui5/sap.ui.layout": "1.68.1",
                "@openui5/sap.ui.unified": "1.68.1"
            }
        },
        "@openui5/sap.ui.core": {
            "version": "1.68.1",
            "resolved": "https://registry.npmjs.org/@openui5/sap.ui.core/-/sap.ui.core-1.68.1.tgz",
            "integrity": "sha512-jKEA2lQBelpHFRcf8R+L7wYbbRSGwl+BVqdKqhV2+nBt90eHOaqgW466JZfxTBlLIY6PJHGg113wskPlgsN9XQ=="
        },
        "@openui5/sap.ui.layout": {
            "version": "1.68.1",
            "resolved": "https://registry.npmjs.org/@openui5/sap.ui.layout/-/sap.ui.layout-1.68.1.tgz",
            "integrity": "sha512-a+Ckgyp8oNOMsQ4nZvTHzH+1hhMbQTpH0IWV1cG2SYEALomF/yULJplsa+z03KzrfZ1XSpNxJF3a7dzgdSM88w==",
            "requires": {
                "@openui5/sap.ui.core": "1.68.1"
            }
        },
        "@openui5/sap.ui.unified": {
            "version": "1.68.1",
            "resolved": "https://registry.npmjs.org/@openui5/sap.ui.unified/-/sap.ui.unified-1.68.1.tgz",
            "integrity": "sha512-U3CVXbMupn4Vcn4PA4IJQIoGIcpYKmK7tbqQUIED+H+eUyJrQs3KoomIME0bT8WyDV3tDsCvYO7QNG5KD3tZwg==",
            "requires": {
                "@openui5/sap.ui.core": "1.68.1"
            }
        },
        "@openui5/themelib_sap_belize": {
            "version": "1.68.1",
            "resolved": "https://registry.npmjs.org/@openui5/themelib_sap_belize/-/themelib_sap_belize-1.68.1.tgz",
            "integrity": "sha512-0r86ALESzE+eyIu699uLjn1eGvSFIZh5C5iCkka0eR/2VZ5wCczOJAdJHxDXCCf6b5/78DZOur1wi1tVqi7GnA=="
        }
    }
}
